
Microsoft Visual Studio Solution File, Format Version 12.00
# Visual Studio 2013
VisualStudioVersion = 12.0.31101.0
MinimumVisualStudioVersion = 10.0.40219.1
Project("{FAE04EC0-301F-11D3-BF4B-00C04F79EFBC}") = "D3GemCalculatorWPF", "D3GemCalculatorWPF.csproj", "{04287A5F-9AEB-4AEA-96C2-49A064C48C3C}"
EndProject
Global
	GlobalSection(SolutionConfigurationPlatforms) = preSolution
		Debug|Any CPU = Debug|Any CPU
		Release|Any CPU = Release|Any CPU
	EndGlobalSection
	GlobalSection(ProjectConfigurationPlatforms) = postSolution
		{04287A5F-9AEB-4AEA-96C2-49A064C48C3C}.Debug|Any CPU.ActiveCfg = Debug|Any CPU
		{04287A5F-9AEB-4AEA-96C2-49A064C48C3C}.Debug|Any CPU.Build.0 = Debug|Any CPU
		{04287A5F-9AEB-4AEA-96C2-49A064C48C3C}.Release|Any CPU.ActiveCfg = Release|Any CPU
		{04287A5F-9AEB-4AEA-96C2-49A064C48C3C}.Release|Any CPU.Build.0 = Release|Any CPU
	EndGlobalSection
	GlobalSection(SolutionProperties) = preSolution
		HideSolutionNode = FALSE
	EndGlobalSection
EndGlobal
